{
  "name": "workspace",
  "lockfileVersion": 2,
  "requires": true,
  "packages": {
    "": {
      "dependencies": {
        "next.js": "^1.0.3"
      }
    },
    "node_modules/next.js": {
      "version": "1.0.3",
      "resolved": "https://registry.npmjs.org/next.js/-/next.js-1.0.3.tgz",
      "integrity": "sha512-nosnT7Jh4ML3kzwG9MPW+SfBKuHoZEMcCWw5kxwMYXoxnADGzIxWl+TdDMcEZP6Xl/t8m/5uyVlA9SBkH2oh/w=="
    }
  },
  "dependencies": {
    "next.js": {
      "version": "1.0.3",
      "resolved": "https://registry.npmjs.org/next.js/-/next.js-1.0.3.tgz",
      "integrity": "sha512-nosnT7Jh4ML3kzwG9MPW+SfBKuHoZEMcCWw5kxwMYXoxnADGzIxWl+TdDMcEZP6Xl/t8m/5uyVlA9SBkH2oh/w=="
    }
  }
}
